
Microsoft Visual Studio Solution File, Format Version 12.00
# Visual Studio Version 17
VisualStudioVersion = 17.0.31903.59
MinimumVisualStudioVersion = 10.0.40219.1
Project("{2150E333-8FDC-42A3-9474-1A3956D46DE8}") = "src", "src", "{C3FA8DD7-1DD1-42F4-BEEE-0F5B06B1CA71}"
EndProject
Project("{2150E333-8FDC-42A3-9474-1A3956D46DE8}") = "shared", "shared", "{6F7DF6C0-D87C-425D-A1B3-AA47AEC224C7}"
EndProject
Project("{FAE04EC0-301F-11D3-BF4B-00C04F79EFBC}") = "BudgetControl.Common", "shared\BudgetControl.Common\BudgetControl.Common.csproj", "{80517A65-F595-4250-A11E-645ADE919884}"
EndProject
Project("{2150E333-8FDC-42A3-9474-1A3956D46DE8}") = "app", "app", "{37FC104D-43E3-40DA-9501-A1393678D721}"
EndProject
Project("{FAE04EC0-301F-11D3-BF4B-00C04F79EFBC}") = "BudgetControl.AppHost", "app\BudgetControl.AppHost\BudgetControl.AppHost.csproj", "{E86F4B84-996F-4B17-9C2B-9F5A61F67ECD}"
EndProject
Project("{2150E333-8FDC-42A3-9474-1A3956D46DE8}") = "tests", "tests", "{54E56A11-E7B6-4171-9F23-ED72BF5EB998}"
EndProject
Project("{2150E333-8FDC-42A3-9474-1A3956D46DE8}") = "api", "api", "{F2F6AF24-F2AB-4336-910D-F1EC92D97962}"
EndProject
Project("{FAE04EC0-301F-11D3-BF4B-00C04F79EFBC}") = "BudgetControl.Domain", "src\BudgetControl.Domain\BudgetControl.Domain.csproj", "{ACCF085C-033C-442E-B966-9F0E7F6D93B7}"
EndProject
Project("{FAE04EC0-301F-11D3-BF4B-00C04F79EFBC}") = "BudgetControl.Infrastructure", "src\BudgetControl.Infrastructure\BudgetControl.Infrastructure.csproj", "{249CC3D3-FD7E-4A7A-9505-A86C73FDA4BE}"
EndProject
Project("{FAE04EC0-301F-11D3-BF4B-00C04F79EFBC}") = "BudgetControl.Application", "src\BudgetControl.Application\BudgetControl.Application.csproj", "{3CCF6787-C2DE-4781-807C-10C0AA5047A5}"
EndProject
Project("{FAE04EC0-301F-11D3-BF4B-00C04F79EFBC}") = "BudgetControl.Api", "src\BudgetControl.Api\BudgetControl.Api.csproj", "{422BCBCC-BCAC-4BE0-AB3B-C667DC518996}"
EndProject
Project("{FAE04EC0-301F-11D3-BF4B-00C04F79EFBC}") = "BudgetControl.Tests", "src\tests\BudgetControl.Tests\BudgetControl.Tests.csproj", "{2E9854A5-B93E-4785-8107-B64D9C80C823}"
EndProject
Global
	GlobalSection(SolutionConfigurationPlatforms) = preSolution
		Debug|Any CPU = Debug|Any CPU
		Release|Any CPU = Release|Any CPU
	EndGlobalSection
	GlobalSection(ProjectConfigurationPlatforms) = postSolution
		{80517A65-F595-4250-A11E-645ADE919884}.Debug|Any CPU.ActiveCfg = Debug|Any CPU
		{80517A65-F595-4250-A11E-645ADE919884}.Debug|Any CPU.Build.0 = Debug|Any CPU
		{80517A65-F595-4250-A11E-645ADE919884}.Release|Any CPU.ActiveCfg = Release|Any CPU
		{80517A65-F595-4250-A11E-645ADE919884}.Release|Any CPU.Build.0 = Release|Any CPU
		{E86F4B84-996F-4B17-9C2B-9F5A61F67ECD}.Debug|Any CPU.ActiveCfg = Debug|Any CPU
		{E86F4B84-996F-4B17-9C2B-9F5A61F67ECD}.Debug|Any CPU.Build.0 = Debug|Any CPU
		{E86F4B84-996F-4B17-9C2B-9F5A61F67ECD}.Release|Any CPU.ActiveCfg = Release|Any CPU
		{E86F4B84-996F-4B17-9C2B-9F5A61F67ECD}.Release|Any CPU.Build.0 = Release|Any CPU
		{ACCF085C-033C-442E-B966-9F0E7F6D93B7}.Debug|Any CPU.ActiveCfg = Debug|Any CPU
		{ACCF085C-033C-442E-B966-9F0E7F6D93B7}.Debug|Any CPU.Build.0 = Debug|Any CPU
		{ACCF085C-033C-442E-B966-9F0E7F6D93B7}.Release|Any CPU.ActiveCfg = Release|Any CPU
		{ACCF085C-033C-442E-B966-9F0E7F6D93B7}.Release|Any CPU.Build.0 = Release|Any CPU
		{249CC3D3-FD7E-4A7A-9505-A86C73FDA4BE}.Debug|Any CPU.ActiveCfg = Debug|Any CPU
		{249CC3D3-FD7E-4A7A-9505-A86C73FDA4BE}.Debug|Any CPU.Build.0 = Debug|Any CPU
		{249CC3D3-FD7E-4A7A-9505-A86C73FDA4BE}.Release|Any CPU.ActiveCfg = Release|Any CPU
		{249CC3D3-FD7E-4A7A-9505-A86C73FDA4BE}.Release|Any CPU.Build.0 = Release|Any CPU
		{3CCF6787-C2DE-4781-807C-10C0AA5047A5}.Debug|Any CPU.ActiveCfg = Debug|Any CPU
		{3CCF6787-C2DE-4781-807C-10C0AA5047A5}.Debug|Any CPU.Build.0 = Debug|Any CPU
		{3CCF6787-C2DE-4781-807C-10C0AA5047A5}.Release|Any CPU.ActiveCfg = Release|Any CPU
		{3CCF6787-C2DE-4781-807C-10C0AA5047A5}.Release|Any CPU.Build.0 = Release|Any CPU
		{422BCBCC-BCAC-4BE0-AB3B-C667DC518996}.Debug|Any CPU.ActiveCfg = Debug|Any CPU
		{422BCBCC-BCAC-4BE0-AB3B-C667DC518996}.Debug|Any CPU.Build.0 = Debug|Any CPU
		{422BCBCC-BCAC-4BE0-AB3B-C667DC518996}.Release|Any CPU.ActiveCfg = Release|Any CPU
		{422BCBCC-BCAC-4BE0-AB3B-C667DC518996}.Release|Any CPU.Build.0 = Release|Any CPU
		{2E9854A5-B93E-4785-8107-B64D9C80C823}.Debug|Any CPU.ActiveCfg = Debug|Any CPU
		{2E9854A5-B93E-4785-8107-B64D9C80C823}.Debug|Any CPU.Build.0 = Debug|Any CPU
		{2E9854A5-B93E-4785-8107-B64D9C80C823}.Release|Any CPU.ActiveCfg = Release|Any CPU
		{2E9854A5-B93E-4785-8107-B64D9C80C823}.Release|Any CPU.Build.0 = Release|Any CPU
	EndGlobalSection
	GlobalSection(SolutionProperties) = preSolution
		HideSolutionNode = FALSE
	EndGlobalSection
	GlobalSection(NestedProjects) = preSolution
		{80517A65-F595-4250-A11E-645ADE919884} = {6F7DF6C0-D87C-425D-A1B3-AA47AEC224C7}
		{E86F4B84-996F-4B17-9C2B-9F5A61F67ECD} = {37FC104D-43E3-40DA-9501-A1393678D721}
		{54E56A11-E7B6-4171-9F23-ED72BF5EB998} = {F2F6AF24-F2AB-4336-910D-F1EC92D97962}
		{F2F6AF24-F2AB-4336-910D-F1EC92D97962} = {C3FA8DD7-1DD1-42F4-BEEE-0F5B06B1CA71}
		{ACCF085C-033C-442E-B966-9F0E7F6D93B7} = {F2F6AF24-F2AB-4336-910D-F1EC92D97962}
		{249CC3D3-FD7E-4A7A-9505-A86C73FDA4BE} = {F2F6AF24-F2AB-4336-910D-F1EC92D97962}
		{3CCF6787-C2DE-4781-807C-10C0AA5047A5} = {F2F6AF24-F2AB-4336-910D-F1EC92D97962}
		{422BCBCC-BCAC-4BE0-AB3B-C667DC518996} = {F2F6AF24-F2AB-4336-910D-F1EC92D97962}
		{2E9854A5-B93E-4785-8107-B64D9C80C823} = {54E56A11-E7B6-4171-9F23-ED72BF5EB998}
	EndGlobalSection
EndGlobal
